// !$*UTF8*$!
{
	archiveVersion = 1;
	classes = {
	};
	objectVersion = 56;
	objects = {

/* Begin PBXBuildFile section */
		ED98F9BB2A00C61D003C7C3A /* AppDelegate.swift in Sources */ = {isa = PBXBuildFile; fileRef = ED98F9BA2A00C61D003C7C3A /* AppDelegate.swift */; };
		ED98F9BD2A00C61D003C7C3A /* SceneDelegate.swift in Sources */ = {isa = PBXBuildFile; fileRef = ED98F9BC2A00C61D003C7C3A /* SceneDelegate.swift */; };
		ED98F9C42A00C61F003C7C3A /* Assets.xcassets in Resources */ = {isa = PBXBuildFile; fileRef = ED98F9C32A00C61F003C7C3A /* Assets.xcassets */; };
		ED98F9C72A00C61F003C7C3A /* LaunchScreen.storyboard in Resources */ = {isa = PBXBuildFile; fileRef = ED98F9C52A00C61F003C7C3A /* LaunchScreen.storyboard */; };
		ED98F9CF2A00C74A003C7C3A /* MainViewController.swift in Sources */ = {isa = PBXBuildFile; fileRef = ED98F9CE2A00C74A003C7C3A /* MainViewController.swift */; };
		ED98F9D12A00C798003C7C3A /* ProductSelectionViewController.swift in Sources */ = {isa = PBXBuildFile; fileRef = ED98F9D02A00C798003C7C3A /* ProductSelectionViewController.swift */; };
		ED98F9D42A00C983003C7C3A /* SnapKit in Frameworks */ = {isa = PBXBuildFile; productRef = ED98F9D32A00C983003C7C3A /* SnapKit */; };
/* End PBXBuildFile section */

/* Begin PBXFileReference section */
		ED98F9B72A00C61D003C7C3A /* DelegateProtocolPattern.app */ = {isa = PBXFileReference; explicitFileType = wrapper.application; includeInIndex = 0; path = DelegateProtocolPattern.app; sourceTree = BUILT_PRODUCTS_DIR; };
		ED98F9BA2A00C61D003C7C3A /* AppDelegate.swift */ = {isa = PBXFileReference; lastKnownFileType = sourcecode.swift; path = AppDelegate.swift; sourceTree = "<group>"; };
		ED98F9BC2A00C61D003C7C3A /* SceneDelegate.swift */ = {isa = PBXFileReference; lastKnownFileType = sourcecode.swift; path = SceneDelegate.swift; sourceTree = "<group>"; };
		ED98F9C32A00C61F003C7C3A /* Assets.xcassets */ = {isa = PBXFileReference; lastKnownFileType = folder.assetcatalog; path = Assets.xcassets; sourceTree = "<group>"; };
		ED98F9C62A00C61F003C7C3A /* Base */ = {isa = PBXFileReference; lastKnownFileType = file.storyboard; name = Base; path = Base.lproj/LaunchScreen.storyboard; sourceTree = "<group>"; };
		ED98F9C82A00C61F003C7C3A /* Info.plist */ = {isa = PBXFileReference; lastKnownFileType = text.plist.xml; path = Info.plist; sourceTree = "<group>"; };
		ED98F9CE2A00C74A003C7C3A /* MainViewController.swift */ = {isa = PBXFileReference; lastKnownFileType = sourcecode.swift; path = MainViewController.swift; sourceTree = "<group>"; };
		ED98F9D02A00C798003C7C3A /* ProductSelectionViewController.swift */ = {isa = PBXFileReference; lastKnownFileType = sourcecode.swift; path = ProductSelectionViewController.swift; sourceTree = "<group>"; };
/* End PBXFileReference section */

/* Begin PBXFrameworksBuildPhase section */
		ED98F9B42A00C61D003C7C3A /* Frameworks */ = {
			isa = PBXFrameworksBuildPhase;
			buildActionMask = 2147483647;
			files = (
				ED98F9D42A00C983003C7C3A /* SnapKit in Frameworks */,
			);
			runOnlyForDeploymentPostprocessing = 0;
		};
/* End PBXFrameworksBuildPhase section */

/* Begin PBXGroup section */
		ED98F9AE2A00C61D003C7C3A = {
			isa = PBXGroup;
			children = (
				ED98F9B92A00C61D003C7C3A /* DelegateProtocolPattern */,
				ED98F9B82A00C61D003C7C3A /* Products */,
			);
			sourceTree = "<group>";
		};
		ED98F9B82A00C61D003C7C3A /* Products */ = {
			isa = PBXGroup;
			children = (
				ED98F9B72A00C61D003C7C3A /* DelegateProtocolPattern.app */,
			);
			name = Products;
			sourceTree = "<group>";
		};
		ED98F9B92A00C61D003C7C3A /* DelegateProtocolPattern */ = {
			isa = PBXGroup;
			children = (
				ED98F9D62A00EC16003C7C3A /* App */,
				ED98F9D82A00EC1A003C7C3A /* Resources */,
				ED98F9D72A00EC18003C7C3A /* Controllers */,
				ED98F9C82A00C61F003C7C3A /* Info.plist */,
			);
			path = DelegateProtocolPattern;
			sourceTree = "<group>";
		};
		ED98F9D62A00EC16003C7C3A /* App */ = {
			isa = PBXGroup;
			children = (
				ED98F9BA2A00C61D003C7C3A /* AppDelegate.swift */,
				ED98F9BC2A00C61D003C7C3A /* SceneDelegate.swift */,
			);
			path = App;
			sourceTree = "<group>";
		};
		ED98F9D72A00EC18003C7C3A /* Controllers */ = {
			isa = PBXGroup;
			children = (
				ED98F9CE2A00C74A003C7C3A /* MainViewController.swift */,
				ED98F9D02A00C798003C7C3A /* ProductSelectionViewController.swift */,
			);
			path = Controllers;
			sourceTree = "<group>";
		};
		ED98F9D82A00EC1A003C7C3A /* Resources */ = {
			isa = PBXGroup;
			children = (
				ED98F9C32A00C61F003C7C3A /* Assets.xcassets */,
				ED98F9C52A00C61F003C7C3A /* LaunchScreen.storyboard */,
			);
			path = Resources;
			sourceTree = "<group>";
		};
/* End PBXGroup section */

/* Begin PBXNativeTarget section */
		ED98F9B62A00C61D003C7C3A /* DelegateProtocolPattern */ = {
			isa = PBXNativeTarget;
			buildConfigurationList = ED98F9CB2A00C61F003C7C3A /* Build configuration list for PBXNativeTarget "DelegateProtocolPattern" */;
			buildPhases = (
				ED98F9B32A00C61D003C7C3A /* Sources */,
				ED98F9B42A00C61D003C7C3A /* Frameworks */,
				ED98F9B52A00C61D003C7C3A /* Resources */,
			);
			buildRules = (
			);
			dependencies = (
			);
			name = DelegateProtocolPattern;
			packageProductDependencies = (
				ED98F9D32A00C983003C7C3A /* SnapKit */,
			);
			productName = DelegateProtocolPattern;
			productReference = ED98F9B72A00C61D003C7C3A /* DelegateProtocolPattern.app */;
			productType = "com.apple.product-type.application";
		};
/* End PBXNativeTarget section */

/* Begin PBXProject section */
		ED98F9AF2A00C61D003C7C3A /* Project object */ = {
			isa = PBXProject;
			attributes = {
				BuildIndependentTargetsInParallel = 1;
				LastSwiftUpdateCheck = 1430;
				LastUpgradeCheck = 1430;
				TargetAttributes = {
					ED98F9B62A00C61D003C7C3A = {
						CreatedOnToolsVersion = 14.3;
					};
				};
			};
			buildConfigurationList = ED98F9B22A00C61D003C7C3A /* Build configuration list for PBXProject "DelegateProtocolPattern" */;
			compatibilityVersion = "Xcode 14.0";
			developmentRegion = en;
			hasScannedForEncodings = 0;
			knownRegions = (
				en,
				Base,
			);
			mainGroup = ED98F9AE2A00C61D003C7C3A;
			packageReferences = (
				ED98F9D22A00C983003C7C3A /* XCRemoteSwiftPackageReference "SnapKit" */,
			);
			productRefGroup = ED98F9B82A00C61D003C7C3A /* Products */;
			projectDirPath = "";
			projectRoot = "";
			targets = (
				ED98F9B62A00C61D003C7C3A /* DelegateProtocolPattern */,
			);
		};
/* End PBXProject section */

/* Begin PBXResourcesBuildPhase section */
		ED98F9B52A00C61D003C7C3A /* Resources */ = {
			isa = PBXResourcesBuildPhase;
			buildActionMask = 2147483647;
			files = (
				ED98F9C72A00C61F003C7C3A /* LaunchScreen.storyboard in Resources */,
				ED98F9C42A00C61F003C7C3A /* Assets.xcassets in Resources */,
			);
			runOnlyForDeploymentPostprocessing = 0;
		};
/* End PBXResourcesBuildPhase section */

/* Begin PBXSourcesBuildPhase section */
		ED98F9B32A00C61D003C7C3A /* Sources */ = {
			isa = PBXSourcesBuildPhase;
			buildActionMask = 2147483647;
			files = (
				ED98F9CF2A00C74A003C7C3A /* MainViewController.swift in Sources */,
				ED98F9D12A00C798003C7C3A /* ProductSelectionViewController.swift in Sources */,
				ED98F9BB2A00C61D003C7C3A /* AppDelegate.swift in Sources */,
				ED98F9BD2A00C61D003C7C3A /* SceneDelegate.swift in Sources */,
			);
			runOnlyForDeploymentPostprocessing = 0;
		};
/* End PBXSourcesBuildPhase section */

/* Begin PBXVariantGroup section */
		ED98F9C52A00C61F003C7C3A /* LaunchScreen.storyboard */ = {
			isa = PBXVariantGroup;
			children = (
				ED98F9C62A00C61F003C7C3A /* Base */,
			);
			name = LaunchScreen.storyboard;
			sourceTree = "<group>";
		};
/* End PBXVariantGroup section */

/* Begin XCBuildConfiguration section */
		ED98F9C92A00C61F003C7C3A /* Debug */ = {
			isa = XCBuildConfiguration;
			buildSettings = {
				ALWAYS_SEARCH_USER_PATHS = NO;
				CLANG_ANALYZER_NONNULL = YES;
				CLANG_ANALYZER_NUMBER_OBJECT_CONVERSION = YES_AGGRESSIVE;
				CLANG_CXX_LANGUAGE_STANDARD = "gnu++20";
				CLANG_ENABLE_MODULES = YES;
				CLANG_ENABLE_OBJC_ARC = YES;
				CLANG_ENABLE_OBJC_WEAK = YES;
				CLANG_WARN_BLOCK_CAPTURE_AUTORELEASING = YES;
				CLANG_WARN_BOOL_CONVERSION = YES;
				CLANG_WARN_COMMA = YES;
				CLANG_WARN_CONSTANT_CONVERSION = YES;
				CLANG_WARN_DEPRECATED_OBJC_IMPLEMENTATIONS = YES;
				CLANG_WARN_DIRECT_OBJC_ISA_USAGE = YES_ERROR;
				CLANG_WARN_DOCUMENTATION_COMMENTS = YES;
				CLANG_WARN_EMPTY_BODY = YES;
				CLANG_WARN_ENUM_CONVERSION = YES;
				CLANG_WARN_INFINITE_RECURSION = YES;
				CLANG_WARN_INT_CONVERSION = YES;
				CLANG_WARN_NON_LITERAL_NULL_CONVERSION = YES;
				CLANG_WARN_OBJC_IMPLICIT_RETAIN_SELF = YES;
				CLANG_WARN_OBJC_LITERAL_CONVERSION = YES;
				CLANG_WARN_OBJC_ROOT_CLASS = YES_ERROR;
				CLANG_WARN_QUOTED_INCLUDE_IN_FRAMEWORK_HEADER = YES;
				CLANG_WARN_RANGE_LOOP_ANALYSIS = YES;
				CLANG_WARN_STRICT_PROTOTYPES = YES;
				CLANG_WARN_SUSPICIOUS_MOVE = YES;
				CLANG_WARN_UNGUARDED_AVAILABILITY = YES_AGGRESSIVE;
				CLANG_WARN_UNREACHABLE_CODE = YES;
				CLANG_WARN__DUPLICATE_METHOD_MATCH = YES;
				COPY_PHASE_STRIP = NO;
				DEBUG_INFORMATION_FORMAT = dwarf;
				ENABLE_STRICT_OBJC_MSGSEND = YES;
				ENABLE_TESTABILITY = YES;
				GCC_C_LANGUAGE_STANDARD = gnu11;
				GCC_DYNAMIC_NO_PIC = NO;
				GCC_NO_COMMON_BLOCKS = YES;
				GCC_OPTIMIZATION_LEVEL = 0;
				GCC_PREPROCESSOR_DEFINITIONS = (
					"DEBUG=1",
					"$(inherited)",
				);
				GCC_WARN_64_TO_32_BIT_CONVERSION = YES;
				GCC_WARN_ABOUT_RETURN_TYPE = YES_ERROR;
				GCC_WARN_UNDECLARED_SELECTOR = YES;
				GCC_WARN_UNINITIALIZED_AUTOS = YES_AGGRESSIVE;
				GCC_WARN_UNUSED_FUNCTION = YES;
				GCC_WARN_UNUSED_VARIABLE = YES;
				IPHONEOS_DEPLOYMENT_TARGET = 16.4;
				MTL_ENABLE_DEBUG_INFO = INCLUDE_SOURCE;
				MTL_FAST_MATH = YES;
				ONLY_ACTIVE_ARCH = YES;
				SDKROOT = iphoneos;
				SWIFT_ACTIVE_COMPILATION_CONDITIONS = DEBUG;
				SWIFT_OPTIMIZATION_LEVEL = "-Onone";
			};
			name = Debug;
		};
		ED98F9CA2A00C61F003C7C3A /* Release */ = {
			isa = XCBuildConfiguration;
			buildSettings = {
				ALWAYS_SEARCH_USER_PATHS = NO;
				CLANG_ANALYZER_NONNULL = YES;
				CLANG_ANALYZER_NUMBER_OBJECT_CONVERSION = YES_AGGRESSIVE;
				CLANG_CXX_LANGUAGE_STANDARD = "gnu++20";
				CLANG_ENABLE_MODULES = YES;
				CLANG_ENABLE_OBJC_ARC = YES;
				CLANG_ENABLE_OBJC_WEAK = YES;
				CLANG_WARN_BLOCK_CAPTURE_AUTORELEASING = YES;
				CLANG_WARN_BOOL_CONVERSION = YES;
				CLANG_WARN_COMMA = YES;
				CLANG_WARN_CONSTANT_CONVERSION = YES;
				CLANG_WARN_DEPRECATED_OBJC_IMPLEMENTATIONS = YES;
				CLANG_WARN_DIRECT_OBJC_ISA_USAGE = YES_ERROR;
				CLANG_WARN_DOCUMENTATION_COMMENTS = YES;
				CLANG_WARN_EMPTY_BODY = YES;
				CLANG_WARN_ENUM_CONVERSION = YES;
				CLANG_WARN_INFINITE_RECURSION = YES;
				CLANG_WARN_INT_CONVERSION = YES;
				CLANG_WARN_NON_LITERAL_NULL_CONVERSION = YES;
				CLANG_WARN_OBJC_IMPLICIT_RETAIN_SELF = YES;
				CLANG_WARN_OBJC_LITERAL_CONVERSION = YES;
				CLANG_WARN_OBJC_ROOT_CLASS = YES_ERROR;
				CLANG_WARN_QUOTED_INCLUDE_IN_FRAMEWORK_HEADER = YES;
				CLANG_WARN_RANGE_LOOP_ANALYSIS = YES;
				CLANG_WARN_STRICT_PROTOTYPES = YES;
				CLANG_WARN_SUSPICIOUS_MOVE = YES;
				CLANG_WARN_UNGUARDED_AVAILABILITY = YES_AGGRESSIVE;
				CLANG_WARN_UNREACHABLE_CODE = YES;
				CLANG_WARN__DUPLICATE_METHOD_MATCH = YES;
				COPY_PHASE_STRIP = NO;
				DEBUG_INFORMATION_FORMAT = "dwarf-with-dsym";
				ENABLE_NS_ASSERTIONS = NO;
				ENABLE_STRICT_OBJC_MSGSEND = YES;
				GCC_C_LANGUAGE_STANDARD = gnu11;
				GCC_NO_COMMON_BLOCKS = YES;
				GCC_WARN_64_TO_32_BIT_CONVERSION = YES;
				GCC_WARN_ABOUT_RETURN_TYPE = YES_ERROR;
				GCC_WARN_UNDECLARED_SELECTOR = YES;
				GCC_WARN_UNINITIALIZED_AUTOS = YES_AGGRESSIVE;
				GCC_WARN_UNUSED_FUNCTION = YES;
				GCC_WARN_UNUSED_VARIABLE = YES;
				IPHONEOS_DEPLOYMENT_TARGET = 16.4;
				MTL_ENABLE_DEBUG_INFO = NO;
				MTL_FAST_MATH = YES;
				SDKROOT = iphoneos;
				SWIFT_COMPILATION_MODE = wholemodule;
				SWIFT_OPTIMIZATION_LEVEL = "-O";
				VALIDATE_PRODUCT = YES;
			};
			name = Release;
		};
		ED98F9CC2A00C61F003C7C3A /* Debug */ = {
			isa = XCBuildConfiguration;
			buildSettings = {
				ASSETCATALOG_COMPILER_APPICON_NAME = AppIcon;
				ASSETCATALOG_COMPILER_GLOBAL_ACCENT_COLOR_NAME = AccentColor;
				CODE_SIGN_STYLE = Automatic;
				CURRENT_PROJECT_VERSION = 1;
				GENERATE_INFOPLIST_FILE = YES;
				INFOPLIST_FILE = DelegateProtocolPattern/Info.plist;
				INFOPLIST_KEY_UIApplicationSupportsIndirectInputEvents = YES;
				INFOPLIST_KEY_UILaunchStoryboardName = LaunchScreen;
				INFOPLIST_KEY_UIMainStoryboardFile = "";
				INFOPLIST_KEY_UISupportedInterfaceOrientations_iPad = "UIInterfaceOrientationPortrait UIInterfaceOrientationPortraitUpsideDown UIInterfaceOrientationLandscapeLeft UIInterfaceOrientationLandscapeRight";
				INFOPLIST_KEY_UISupportedInterfaceOrientations_iPhone = "UIInterfaceOrientationPortrait UIInterfaceOrientationLandscapeLeft UIInterfaceOrientationLandscapeRight";
				LD_RUNPATH_SEARCH_PATHS = (
					"$(inherited)",
					"@executable_path/Frameworks",
				);
				MARKETING_VERSION = 1.0;
				PRODUCT_BUNDLE_IDENTIFIER = bugraozugurlu.DelegateProtocolPattern;
				PRODUCT_NAME = "$(TARGET_NAME)";
				SWIFT_EMIT_LOC_STRINGS = YES;
				SWIFT_VERSION = 5.0;
				TARGETED_DEVICE_FAMILY = "1,2";
			};
			name = Debug;
		};
		ED98F9CD2A00C61F003C7C3A /* Release */ = {
			isa = XCBuildConfiguration;
			buildSettings = {
				ASSETCATALOG_COMPILER_APPICON_NAME = AppIcon;
				ASSETCATALOG_COMPILER_GLOBAL_ACCENT_COLOR_NAME = AccentColor;
				CODE_SIGN_STYLE = Automatic;
				CURRENT_PROJECT_VERSION = 1;
				GENERATE_INFOPLIST_FILE = YES;
				INFOPLIST_FILE = DelegateProtocolPattern/Info.plist;
				INFOPLIST_KEY_UIApplicationSupportsIndirectInputEvents = YES;
				INFOPLIST_KEY_UILaunchStoryboardName = LaunchScreen;
				INFOPLIST_KEY_UIMainStoryboardFile = "";
				INFOPLIST_KEY_UISupportedInterfaceOrientations_iPad = "UIInterfaceOrientationPortrait UIInterfaceOrientationPortraitUpsideDown UIInterfaceOrientationLandscapeLeft UIInterfaceOrientationLandscapeRight";
				INFOPLIST_KEY_UISupportedInterfaceOrientations_iPhone = "UIInterfaceOrientationPortrait UIInterfaceOrientationLandscapeLeft UIInterfaceOrientationLandscapeRight";
				LD_RUNPATH_SEARCH_PATHS = (
					"$(inherited)",
					"@executable_path/Frameworks",
				);
				MARKETING_VERSION = 1.0;
				PRODUCT_BUNDLE_IDENTIFIER = bugraozugurlu.DelegateProtocolPattern;
				PRODUCT_NAME = "$(TARGET_NAME)";
				SWIFT_EMIT_LOC_STRINGS = YES;
				SWIFT_VERSION = 5.0;
				TARGETED_DEVICE_FAMILY = "1,2";
			};
			name = Release;
		};
/* End XCBuildConfiguration section */

/* Begin XCConfigurationList section */
		ED98F9B22A00C61D003C7C3A /* Build configuration list for PBXProject "DelegateProtocolPattern" */ = {
			isa = XCConfigurationList;
			buildConfigurations = (
				ED98F9C92A00C61F003C7C3A /* Debug */,
				ED98F9CA2A00C61F003C7C3A /* Release */,
			);
			defaultConfigurationIsVisible = 0;
			defaultConfigurationName = Release;
		};
		ED98F9CB2A00C61F003C7C3A /* Build configuration list for PBXNativeTarget "DelegateProtocolPattern" */ = {
			isa = XCConfigurationList;
			buildConfigurations = (
				ED98F9CC2A00C61F003C7C3A /* Debug */,
				ED98F9CD2A00C61F003C7C3A /* Release */,
			);
			defaultConfigurationIsVisible = 0;
			defaultConfigurationName = Release;
		};
/* End XCConfigurationList section */

/* Begin XCRemoteSwiftPackageReference section */
		ED98F9D22A00C983003C7C3A /* XCRemoteSwiftPackageReference "SnapKit" */ = {
			isa = XCRemoteSwiftPackageReference;
			repositoryURL = "https://github.com/SnapKit/SnapKit.git";
			requirement = {
				kind = upToNextMajorVersion;
				minimumVersion = 5.0.0;
			};
		};
/* End XCRemoteSwiftPackageReference section */

/* Begin XCSwiftPackageProductDependency section */
		ED98F9D32A00C983003C7C3A /* SnapKit */ = {
			isa = XCSwiftPackageProductDependency;
			package = ED98F9D22A00C983003C7C3A /* XCRemoteSwiftPackageReference "SnapKit" */;
			productName = SnapKit;
		};
/* End XCSwiftPackageProductDependency section */
	};
	rootObject = ED98F9AF2A00C61D003C7C3A /* Project object */;
}
